
Microsoft Visual Studio Solution File, Format Version 12.00
# Visual Studio Version 16
VisualStudioVersion = 16.0.30907.101
MinimumVisualStudioVersion = 10.0.40219.1
Project("{9A19103F-16F7-4668-BE54-9A1E7A4F7556}") = "Stargazer.Extensions.Newtonsoft.Json.OptionConvert", "src\Stargazer.Extensions.Newtonsoft.Json.OptionConvert.csproj", "{D53EE03C-F6CE-44B0-8267-E6CB6A082007}"
EndProject
Global
	GlobalSection(SolutionConfigurationPlatforms) = preSolution
		Debug|Any CPU = Debug|Any CPU
		Release|Any CPU = Release|Any CPU
	EndGlobalSection
	GlobalSection(ProjectConfigurationPlatforms) = postSolution
		{D53EE03C-F6CE-44B0-8267-E6CB6A082007}.Debug|Any CPU.ActiveCfg = Debug|Any CPU
		{D53EE03C-F6CE-44B0-8267-E6CB6A082007}.Debug|Any CPU.Build.0 = Debug|Any CPU
		{D53EE03C-F6CE-44B0-8267-E6CB6A082007}.Release|Any CPU.ActiveCfg = Release|Any CPU
		{D53EE03C-F6CE-44B0-8267-E6CB6A082007}.Release|Any CPU.Build.0 = Release|Any CPU
	EndGlobalSection
	GlobalSection(SolutionProperties) = preSolution
		HideSolutionNode = FALSE
	EndGlobalSection
	GlobalSection(ExtensibilityGlobals) = postSolution
		SolutionGuid = {48E03A88-B19F-43F5-BEB3-ECC305C70F97}
	EndGlobalSection
EndGlobal
